// !$*UTF8*$!
{
	archiveVersion = 1;
	classes = {
	};
	objectVersion = 56;
	objects = {

/* Begin PBXBuildFile section */
		CDA4E1332B904ACE00BC7DB9 /* WardApp.swift in Sources */ = {isa = PBXBuildFile; fileRef = CDA4E1322B904ACE00BC7DB9 /* WardApp.swift */; };
		CDA4E1352B904ACE00BC7DB9 /* ContentView.swift in Sources */ = {isa = PBXBuildFile; fileRef = CDA4E1342B904ACE00BC7DB9 /* ContentView.swift */; };
		CDA4E1372B904AD000BC7DB9 /* Assets.xcassets in Resources */ = {isa = PBXBuildFile; fileRef = CDA4E1362B904AD000BC7DB9 /* Assets.xcassets */; };
		CDA4E13A2B904AD000BC7DB9 /* Preview Assets.xcassets in Resources */ = {isa = PBXBuildFile; fileRef = CDA4E1392B904AD000BC7DB9 /* Preview Assets.xcassets */; };
		CDA4E1442B904AD000BC7DB9 /* WardTests.swift in Sources */ = {isa = PBXBuildFile; fileRef = CDA4E1432B904AD000BC7DB9 /* WardTests.swift */; };
		CDA4E14E2B904AD000BC7DB9 /* WardUITests.swift in Sources */ = {isa = PBXBuildFile; fileRef = CDA4E14D2B904AD000BC7DB9 /* WardUITests.swift */; };
		CDA4E1502B904AD000BC7DB9 /* WardUITestsLaunchTests.swift in Sources */ = {isa = PBXBuildFile; fileRef = CDA4E14F2B904AD000BC7DB9 /* WardUITestsLaunchTests.swift */; };
/* End PBXBuildFile section */

/* Begin PBXContainerItemProxy section */
		CDA4E1402B904AD000BC7DB9 /* PBXContainerItemProxy */ = {
			isa = PBXContainerItemProxy;
			containerPortal = CDA4E1272B904ACE00BC7DB9 /* Project object */;
			proxyType = 1;
			remoteGlobalIDString = CDA4E12E2B904ACE00BC7DB9;
			remoteInfo = Ward;
		};
		CDA4E14A2B904AD000BC7DB9 /* PBXContainerItemProxy */ = {
			isa = PBXContainerItemProxy;
			containerPortal = CDA4E1272B904ACE00BC7DB9 /* Project object */;
			proxyType = 1;
			remoteGlobalIDString = CDA4E12E2B904ACE00BC7DB9;
			remoteInfo = Ward;
		};
/* End PBXContainerItemProxy section */

/* Begin PBXFileReference section */
		CDA4E12F2B904ACE00BC7DB9 /* Ward.app */ = {isa = PBXFileReference; explicitFileType = wrapper.application; includeInIndex = 0; path = Ward.app; sourceTree = BUILT_PRODUCTS_DIR; };
		CDA4E1322B904ACE00BC7DB9 /* WardApp.swift */ = {isa = PBXFileReference; lastKnownFileType = sourcecode.swift; path = WardApp.swift; sourceTree = "<group>"; };
		CDA4E1342B904ACE00BC7DB9 /* ContentView.swift */ = {isa = PBXFileReference; lastKnownFileType = sourcecode.swift; path = ContentView.swift; sourceTree = "<group>"; };
		CDA4E1362B904AD000BC7DB9 /* Assets.xcassets */ = {isa = PBXFileReference; lastKnownFileType = folder.assetcatalog; path = Assets.xcassets; sourceTree = "<group>"; };
		CDA4E1392B904AD000BC7DB9 /* Preview Assets.xcassets */ = {isa = PBXFileReference; lastKnownFileType = folder.assetcatalog; path = "Preview Assets.xcassets"; sourceTree = "<group>"; };
		CDA4E13F2B904AD000BC7DB9 /* WardTests.xctest */ = {isa = PBXFileReference; explicitFileType = wrapper.cfbundle; includeInIndex = 0; path = WardTests.xctest; sourceTree = BUILT_PRODUCTS_DIR; };
		CDA4E1432B904AD000BC7DB9 /* WardTests.swift */ = {isa = PBXFileReference; lastKnownFileType = sourcecode.swift; path = WardTests.swift; sourceTree = "<group>"; };
		CDA4E1492B904AD000BC7DB9 /* WardUITests.xctest */ = {isa = PBXFileReference; explicitFileType = wrapper.cfbundle; includeInIndex = 0; path = WardUITests.xctest; sourceTree = BUILT_PRODUCTS_DIR; };
		CDA4E14D2B904AD000BC7DB9 /* WardUITests.swift */ = {isa = PBXFileReference; lastKnownFileType = sourcecode.swift; path = WardUITests.swift; sourceTree = "<group>"; };
		CDA4E14F2B904AD000BC7DB9 /* WardUITestsLaunchTests.swift */ = {isa = PBXFileReference; lastKnownFileType = sourcecode.swift; path = WardUITestsLaunchTests.swift; sourceTree = "<group>"; };
/* End PBXFileReference section */

/* Begin PBXFrameworksBuildPhase section */
		CDA4E12C2B904ACE00BC7DB9 /* Frameworks */ = {
			isa = PBXFrameworksBuildPhase;
			buildActionMask = 2147483647;
			files = (
			);
			runOnlyForDeploymentPostprocessing = 0;
		};
		CDA4E13C2B904AD000BC7DB9 /* Frameworks */ = {
			isa = PBXFrameworksBuildPhase;
			buildActionMask = 2147483647;
			files = (
			);
			runOnlyForDeploymentPostprocessing = 0;
		};
		CDA4E1462B904AD000BC7DB9 /* Frameworks */ = {
			isa = PBXFrameworksBuildPhase;
			buildActionMask = 2147483647;
			files = (
			);
			runOnlyForDeploymentPostprocessing = 0;
		};
/* End PBXFrameworksBuildPhase section */

/* Begin PBXGroup section */
		CDA4E1262B904ACE00BC7DB9 = {
			isa = PBXGroup;
			children = (
				CDA4E1312B904ACE00BC7DB9 /* Ward */,
				CDA4E1422B904AD000BC7DB9 /* WardTests */,
				CDA4E14C2B904AD000BC7DB9 /* WardUITests */,
				CDA4E1302B904ACE00BC7DB9 /* Products */,
			);
			sourceTree = "<group>";
		};
		CDA4E1302B904ACE00BC7DB9 /* Products */ = {
			isa = PBXGroup;
			children = (
				CDA4E12F2B904ACE00BC7DB9 /* Ward.app */,
				CDA4E13F2B904AD000BC7DB9 /* WardTests.xctest */,
				CDA4E1492B904AD000BC7DB9 /* WardUITests.xctest */,
			);
			name = Products;
			sourceTree = "<group>";
		};
		CDA4E1312B904ACE00BC7DB9 /* Ward */ = {
			isa = PBXGroup;
			children = (
				CDA4E1322B904ACE00BC7DB9 /* WardApp.swift */,
				CDA4E1342B904ACE00BC7DB9 /* ContentView.swift */,
				CDA4E1362B904AD000BC7DB9 /* Assets.xcassets */,
				CDA4E1382B904AD000BC7DB9 /* Preview Content */,
			);
			path = Ward;
			sourceTree = "<group>";
		};
		CDA4E1382B904AD000BC7DB9 /* Preview Content */ = {
			isa = PBXGroup;
			children = (
				CDA4E1392B904AD000BC7DB9 /* Preview Assets.xcassets */,
			);
			path = "Preview Content";
			sourceTree = "<group>";
		};
		CDA4E1422B904AD000BC7DB9 /* WardTests */ = {
			isa = PBXGroup;
			children = (
				CDA4E1432B904AD000BC7DB9 /* WardTests.swift */,
			);
			path = WardTests;
			sourceTree = "<group>";
		};
		CDA4E14C2B904AD000BC7DB9 /* WardUITests */ = {
			isa = PBXGroup;
			children = (
				CDA4E14D2B904AD000BC7DB9 /* WardUITests.swift */,
				CDA4E14F2B904AD000BC7DB9 /* WardUITestsLaunchTests.swift */,
			);
			path = WardUITests;
			sourceTree = "<group>";
		};
/* End PBXGroup section */

/* Begin PBXNativeTarget section */
		CDA4E12E2B904ACE00BC7DB9 /* Ward */ = {
			isa = PBXNativeTarget;
			buildConfigurationList = CDA4E1532B904AD000BC7DB9 /* Build configuration list for PBXNativeTarget "Ward" */;
			buildPhases = (
				CDA4E12B2B904ACE00BC7DB9 /* Sources */,
				CDA4E12C2B904ACE00BC7DB9 /* Frameworks */,
				CDA4E12D2B904ACE00BC7DB9 /* Resources */,
			);
			buildRules = (
			);
			dependencies = (
			);
			name = Ward;
			productName = Ward;
			productReference = CDA4E12F2B904ACE00BC7DB9 /* Ward.app */;
			productType = "com.apple.product-type.application";
		};
		CDA4E13E2B904AD000BC7DB9 /* WardTests */ = {
			isa = PBXNativeTarget;
			buildConfigurationList = CDA4E1562B904AD000BC7DB9 /* Build configuration list for PBXNativeTarget "WardTests" */;
			buildPhases = (
				CDA4E13B2B904AD000BC7DB9 /* Sources */,
				CDA4E13C2B904AD000BC7DB9 /* Frameworks */,
				CDA4E13D2B904AD000BC7DB9 /* Resources */,
			);
			buildRules = (
			);
			dependencies = (
				CDA4E1412B904AD000BC7DB9 /* PBXTargetDependency */,
			);
			name = WardTests;
			productName = WardTests;
			productReference = CDA4E13F2B904AD000BC7DB9 /* WardTests.xctest */;
			productType = "com.apple.product-type.bundle.unit-test";
		};
		CDA4E1482B904AD000BC7DB9 /* WardUITests */ = {
			isa = PBXNativeTarget;
			buildConfigurationList = CDA4E1592B904AD000BC7DB9 /* Build configuration list for PBXNativeTarget "WardUITests" */;
			buildPhases = (
				CDA4E1452B904AD000BC7DB9 /* Sources */,
				CDA4E1462B904AD000BC7DB9 /* Frameworks */,
				CDA4E1472B904AD000BC7DB9 /* Resources */,
			);
			buildRules = (
			);
			dependencies = (
				CDA4E14B2B904AD000BC7DB9 /* PBXTargetDependency */,
			);
			name = WardUITests;
			productName = WardUITests;
			productReference = CDA4E1492B904AD000BC7DB9 /* WardUITests.xctest */;
			productType = "com.apple.product-type.bundle.ui-testing";
		};
/* End PBXNativeTarget section */

/* Begin PBXProject section */
		CDA4E1272B904ACE00BC7DB9 /* Project object */ = {
			isa = PBXProject;
			attributes = {
				BuildIndependentTargetsInParallel = 1;
				LastSwiftUpdateCheck = 1520;
				LastUpgradeCheck = 1520;
				TargetAttributes = {
					CDA4E12E2B904ACE00BC7DB9 = {
						CreatedOnToolsVersion = 15.2;
					};
					CDA4E13E2B904AD000BC7DB9 = {
						CreatedOnToolsVersion = 15.2;
						TestTargetID = CDA4E12E2B904ACE00BC7DB9;
					};
					CDA4E1482B904AD000BC7DB9 = {
						CreatedOnToolsVersion = 15.2;
						TestTargetID = CDA4E12E2B904ACE00BC7DB9;
					};
				};
			};
			buildConfigurationList = CDA4E12A2B904ACE00BC7DB9 /* Build configuration list for PBXProject "Ward" */;
			compatibilityVersion = "Xcode 14.0";
			developmentRegion = en;
			hasScannedForEncodings = 0;
			knownRegions = (
				en,
				Base,
			);
			mainGroup = CDA4E1262B904ACE00BC7DB9;
			productRefGroup = CDA4E1302B904ACE00BC7DB9 /* Products */;
			projectDirPath = "";
			projectRoot = "";
			targets = (
				CDA4E12E2B904ACE00BC7DB9 /* Ward */,
				CDA4E13E2B904AD000BC7DB9 /* WardTests */,
				CDA4E1482B904AD000BC7DB9 /* WardUITests */,
			);
		};
/* End PBXProject section */

/* Begin PBXResourcesBuildPhase section */
		CDA4E12D2B904ACE00BC7DB9 /* Resources */ = {
			isa = PBXResourcesBuildPhase;
			buildActionMask = 2147483647;
			files = (
				CDA4E13A2B904AD000BC7DB9 /* Preview Assets.xcassets in Resources */,
				CDA4E1372B904AD000BC7DB9 /* Assets.xcassets in Resources */,
			);
			runOnlyForDeploymentPostprocessing = 0;
		};
		CDA4E13D2B904AD000BC7DB9 /* Resources */ = {
			isa = PBXResourcesBuildPhase;
			buildActionMask = 2147483647;
			files = (
			);
			runOnlyForDeploymentPostprocessing = 0;
		};
		CDA4E1472B904AD000BC7DB9 /* Resources */ = {
			isa = PBXResourcesBuildPhase;
			buildActionMask = 2147483647;
			files = (
			);
			runOnlyForDeploymentPostprocessing = 0;
		};
/* End PBXResourcesBuildPhase section */

/* Begin PBXSourcesBuildPhase section */
		CDA4E12B2B904ACE00BC7DB9 /* Sources */ = {
			isa = PBXSourcesBuildPhase;
			buildActionMask = 2147483647;
			files = (
				CDA4E1352B904ACE00BC7DB9 /* ContentView.swift in Sources */,
				CDA4E1332B904ACE00BC7DB9 /* WardApp.swift in Sources */,
			);
			runOnlyForDeploymentPostprocessing = 0;
		};
		CDA4E13B2B904AD000BC7DB9 /* Sources */ = {
			isa = PBXSourcesBuildPhase;
			buildActionMask = 2147483647;
			files = (
				CDA4E1442B904AD000BC7DB9 /* WardTests.swift in Sources */,
			);
			runOnlyForDeploymentPostprocessing = 0;
		};
		CDA4E1452B904AD000BC7DB9 /* Sources */ = {
			isa = PBXSourcesBuildPhase;
			buildActionMask = 2147483647;
			files = (
				CDA4E1502B904AD000BC7DB9 /* WardUITestsLaunchTests.swift in Sources */,
				CDA4E14E2B904AD000BC7DB9 /* WardUITests.swift in Sources */,
			);
			runOnlyForDeploymentPostprocessing = 0;
		};
/* End PBXSourcesBuildPhase section */

/* Begin PBXTargetDependency section */
		CDA4E1412B904AD000BC7DB9 /* PBXTargetDependency */ = {
			isa = PBXTargetDependency;
			target = CDA4E12E2B904ACE00BC7DB9 /* Ward */;
			targetProxy = CDA4E1402B904AD000BC7DB9 /* PBXContainerItemProxy */;
		};
		CDA4E14B2B904AD000BC7DB9 /* PBXTargetDependency */ = {
			isa = PBXTargetDependency;
			target = CDA4E12E2B904ACE00BC7DB9 /* Ward */;
			targetProxy = CDA4E14A2B904AD000BC7DB9 /* PBXContainerItemProxy */;
		};
/* End PBXTargetDependency section */

/* Begin XCBuildConfiguration section */
		CDA4E1512B904AD000BC7DB9 /* Debug */ = {
			isa = XCBuildConfiguration;
			buildSettings = {
				ALWAYS_SEARCH_USER_PATHS = NO;
				ASSETCATALOG_COMPILER_GENERATE_SWIFT_ASSET_SYMBOL_EXTENSIONS = YES;
				CLANG_ANALYZER_NONNULL = YES;
				CLANG_ANALYZER_NUMBER_OBJECT_CONVERSION = YES_AGGRESSIVE;
				CLANG_CXX_LANGUAGE_STANDARD = "gnu++20";
				CLANG_ENABLE_MODULES = YES;
				CLANG_ENABLE_OBJC_ARC = YES;
				CLANG_ENABLE_OBJC_WEAK = YES;
				CLANG_WARN_BLOCK_CAPTURE_AUTORELEASING = YES;
				CLANG_WARN_BOOL_CONVERSION = YES;
				CLANG_WARN_COMMA = YES;
				CLANG_WARN_CONSTANT_CONVERSION = YES;
				CLANG_WARN_DEPRECATED_OBJC_IMPLEMENTATIONS = YES;
				CLANG_WARN_DIRECT_OBJC_ISA_USAGE = YES_ERROR;
				CLANG_WARN_DOCUMENTATION_COMMENTS = YES;
				CLANG_WARN_EMPTY_BODY = YES;
				CLANG_WARN_ENUM_CONVERSION = YES;
				CLANG_WARN_INFINITE_RECURSION = YES;
				CLANG_WARN_INT_CONVERSION = YES;
				CLANG_WARN_NON_LITERAL_NULL_CONVERSION = YES;
				CLANG_WARN_OBJC_IMPLICIT_RETAIN_SELF = YES;
				CLANG_WARN_OBJC_LITERAL_CONVERSION = YES;
				CLANG_WARN_OBJC_ROOT_CLASS = YES_ERROR;
				CLANG_WARN_QUOTED_INCLUDE_IN_FRAMEWORK_HEADER = YES;
				CLANG_WARN_RANGE_LOOP_ANALYSIS = YES;
				CLANG_WARN_STRICT_PROTOTYPES = YES;
				CLANG_WARN_SUSPICIOUS_MOVE = YES;
				CLANG_WARN_UNGUARDED_AVAILABILITY = YES_AGGRESSIVE;
				CLANG_WARN_UNREACHABLE_CODE = YES;
				CLANG_WARN__DUPLICATE_METHOD_MATCH = YES;
				COPY_PHASE_STRIP = NO;
				DEBUG_INFORMATION_FORMAT = dwarf;
				ENABLE_STRICT_OBJC_MSGSEND = YES;
				ENABLE_TESTABILITY = YES;
				ENABLE_USER_SCRIPT_SANDBOXING = YES;
				GCC_C_LANGUAGE_STANDARD = gnu17;
				GCC_DYNAMIC_NO_PIC = NO;
				GCC_NO_COMMON_BLOCKS = YES;
				GCC_OPTIMIZATION_LEVEL = 0;
				GCC_PREPROCESSOR_DEFINITIONS = (
					"DEBUG=1",
					"$(inherited)",
				);
				GCC_WARN_64_TO_32_BIT_CONVERSION = YES;
				GCC_WARN_ABOUT_RETURN_TYPE = YES_ERROR;
				GCC_WARN_UNDECLARED_SELECTOR = YES;
				GCC_WARN_UNINITIALIZED_AUTOS = YES_AGGRESSIVE;
				GCC_WARN_UNUSED_FUNCTION = YES;
				GCC_WARN_UNUSED_VARIABLE = YES;
				IPHONEOS_DEPLOYMENT_TARGET = 17.2;
				LOCALIZATION_PREFERS_STRING_CATALOGS = YES;
				MTL_ENABLE_DEBUG_INFO = INCLUDE_SOURCE;
				MTL_FAST_MATH = YES;
				ONLY_ACTIVE_ARCH = YES;
				SDKROOT = iphoneos;
				SWIFT_ACTIVE_COMPILATION_CONDITIONS = "DEBUG $(inherited)";
				SWIFT_OPTIMIZATION_LEVEL = "-Onone";
			};
			name = Debug;
		};
		CDA4E1522B904AD000BC7DB9 /* Release */ = {
			isa = XCBuildConfiguration;
			buildSettings = {
				ALWAYS_SEARCH_USER_PATHS = NO;
				ASSETCATALOG_COMPILER_GENERATE_SWIFT_ASSET_SYMBOL_EXTENSIONS = YES;
				CLANG_ANALYZER_NONNULL = YES;
				CLANG_ANALYZER_NUMBER_OBJECT_CONVERSION = YES_AGGRESSIVE;
				CLANG_CXX_LANGUAGE_STANDARD = "gnu++20";
				CLANG_ENABLE_MODULES = YES;
				CLANG_ENABLE_OBJC_ARC = YES;
				CLANG_ENABLE_OBJC_WEAK = YES;
				CLANG_WARN_BLOCK_CAPTURE_AUTORELEASING = YES;
				CLANG_WARN_BOOL_CONVERSION = YES;
				CLANG_WARN_COMMA = YES;
				CLANG_WARN_CONSTANT_CONVERSION = YES;
				CLANG_WARN_DEPRECATED_OBJC_IMPLEMENTATIONS = YES;
				CLANG_WARN_DIRECT_OBJC_ISA_USAGE = YES_ERROR;
				CLANG_WARN_DOCUMENTATION_COMMENTS = YES;
				CLANG_WARN_EMPTY_BODY = YES;
				CLANG_WARN_ENUM_CONVERSION = YES;
				CLANG_WARN_INFINITE_RECURSION = YES;
				CLANG_WARN_INT_CONVERSION = YES;
				CLANG_WARN_NON_LITERAL_NULL_CONVERSION = YES;
				CLANG_WARN_OBJC_IMPLICIT_RETAIN_SELF = YES;
				CLANG_WARN_OBJC_LITERAL_CONVERSION = YES;
				CLANG_WARN_OBJC_ROOT_CLASS = YES_ERROR;
				CLANG_WARN_QUOTED_INCLUDE_IN_FRAMEWORK_HEADER = YES;
				CLANG_WARN_RANGE_LOOP_ANALYSIS = YES;
				CLANG_WARN_STRICT_PROTOTYPES = YES;
				CLANG_WARN_SUSPICIOUS_MOVE = YES;
				CLANG_WARN_UNGUARDED_AVAILABILITY = YES_AGGRESSIVE;
				CLANG_WARN_UNREACHABLE_CODE = YES;
				CLANG_WARN__DUPLICATE_METHOD_MATCH = YES;
				COPY_PHASE_STRIP = NO;
				DEBUG_INFORMATION_FORMAT = "dwarf-with-dsym";
				ENABLE_NS_ASSERTIONS = NO;
				ENABLE_STRICT_OBJC_MSGSEND = YES;
				ENABLE_USER_SCRIPT_SANDBOXING = YES;
				GCC_C_LANGUAGE_STANDARD = gnu17;
				GCC_NO_COMMON_BLOCKS = YES;
				GCC_WARN_64_TO_32_BIT_CONVERSION = YES;
				GCC_WARN_ABOUT_RETURN_TYPE = YES_ERROR;
				GCC_WARN_UNDECLARED_SELECTOR = YES;
				GCC_WARN_UNINITIALIZED_AUTOS = YES_AGGRESSIVE;
				GCC_WARN_UNUSED_FUNCTION = YES;
				GCC_WARN_UNUSED_VARIABLE = YES;
				IPHONEOS_DEPLOYMENT_TARGET = 17.2;
				LOCALIZATION_PREFERS_STRING_CATALOGS = YES;
				MTL_ENABLE_DEBUG_INFO = NO;
				MTL_FAST_MATH = YES;
				SDKROOT = iphoneos;
				SWIFT_COMPILATION_MODE = wholemodule;
				VALIDATE_PRODUCT = YES;
			};
			name = Release;
		};
		CDA4E1542B904AD000BC7DB9 /* Debug */ = {
			isa = XCBuildConfiguration;
			buildSettings = {
				ASSETCATALOG_COMPILER_APPICON_NAME = AppIcon;
				ASSETCATALOG_COMPILER_GLOBAL_ACCENT_COLOR_NAME = AccentColor;
				CODE_SIGN_STYLE = Automatic;
				CURRENT_PROJECT_VERSION = 1;
				DEVELOPMENT_ASSET_PATHS = "\"Ward/Preview Content\"";
				ENABLE_PREVIEWS = YES;
				GENERATE_INFOPLIST_FILE = YES;
				INFOPLIST_KEY_UIApplicationSceneManifest_Generation = YES;
				INFOPLIST_KEY_UIApplicationSupportsIndirectInputEvents = YES;
				INFOPLIST_KEY_UILaunchScreen_Generation = YES;
				INFOPLIST_KEY_UISupportedInterfaceOrientations_iPad = "UIInterfaceOrientationPortrait UIInterfaceOrientationPortraitUpsideDown UIInterfaceOrientationLandscapeLeft UIInterfaceOrientationLandscapeRight";
				INFOPLIST_KEY_UISupportedInterfaceOrientations_iPhone = "UIInterfaceOrientationPortrait UIInterfaceOrientationLandscapeLeft UIInterfaceOrientationLandscapeRight";
				LD_RUNPATH_SEARCH_PATHS = (
					"$(inherited)",
					"@executable_path/Frameworks",
				);
				MARKETING_VERSION = 1.0;
				PRODUCT_BUNDLE_IDENTIFIER = cyrusbaybay.Ward;
				PRODUCT_NAME = "$(TARGET_NAME)";
				SWIFT_EMIT_LOC_STRINGS = YES;
				SWIFT_VERSION = 5.0;
				TARGETED_DEVICE_FAMILY = "1,2";
			};
			name = Debug;
		};
		CDA4E1552B904AD000BC7DB9 /* Release */ = {
			isa = XCBuildConfiguration;
			buildSettings = {
				ASSETCATALOG_COMPILER_APPICON_NAME = AppIcon;
				ASSETCATALOG_COMPILER_GLOBAL_ACCENT_COLOR_NAME = AccentColor;
				CODE_SIGN_STYLE = Automatic;
				CURRENT_PROJECT_VERSION = 1;
				DEVELOPMENT_ASSET_PATHS = "\"Ward/Preview Content\"";
				ENABLE_PREVIEWS = YES;
				GENERATE_INFOPLIST_FILE = YES;
				INFOPLIST_KEY_UIApplicationSceneManifest_Generation = YES;
				INFOPLIST_KEY_UIApplicationSupportsIndirectInputEvents = YES;
				INFOPLIST_KEY_UILaunchScreen_Generation = YES;
				INFOPLIST_KEY_UISupportedInterfaceOrientations_iPad = "UIInterfaceOrientationPortrait UIInterfaceOrientationPortraitUpsideDown UIInterfaceOrientationLandscapeLeft UIInterfaceOrientationLandscapeRight";
				INFOPLIST_KEY_UISupportedInterfaceOrientations_iPhone = "UIInterfaceOrientationPortrait UIInterfaceOrientationLandscapeLeft UIInterfaceOrientationLandscapeRight";
				LD_RUNPATH_SEARCH_PATHS = (
					"$(inherited)",
					"@executable_path/Frameworks",
				);
				MARKETING_VERSION = 1.0;
				PRODUCT_BUNDLE_IDENTIFIER = cyrusbaybay.Ward;
				PRODUCT_NAME = "$(TARGET_NAME)";
				SWIFT_EMIT_LOC_STRINGS = YES;
				SWIFT_VERSION = 5.0;
				TARGETED_DEVICE_FAMILY = "1,2";
			};
			name = Release;
		};
		CDA4E1572B904AD000BC7DB9 /* Debug */ = {
			isa = XCBuildConfiguration;
			buildSettings = {
				ALWAYS_EMBED_SWIFT_STANDARD_LIBRARIES = YES;
				BUNDLE_LOADER = "$(TEST_HOST)";
				CODE_SIGN_STYLE = Automatic;
				CURRENT_PROJECT_VERSION = 1;
				GENERATE_INFOPLIST_FILE = YES;
				IPHONEOS_DEPLOYMENT_TARGET = 17.2;
				MARKETING_VERSION = 1.0;
				PRODUCT_BUNDLE_IDENTIFIER = cyrusbaybay.WardTests;
				PRODUCT_NAME = "$(TARGET_NAME)";
				SWIFT_EMIT_LOC_STRINGS = NO;
				SWIFT_VERSION = 5.0;
				TARGETED_DEVICE_FAMILY = "1,2";
				TEST_HOST = "$(BUILT_PRODUCTS_DIR)/Ward.app/$(BUNDLE_EXECUTABLE_FOLDER_PATH)/Ward";
			};
			name = Debug;
		};
		CDA4E1582B904AD000BC7DB9 /* Release */ = {
			isa = XCBuildConfiguration;
			buildSettings = {
				ALWAYS_EMBED_SWIFT_STANDARD_LIBRARIES = YES;
				BUNDLE_LOADER = "$(TEST_HOST)";
				CODE_SIGN_STYLE = Automatic;
				CURRENT_PROJECT_VERSION = 1;
				GENERATE_INFOPLIST_FILE = YES;
				IPHONEOS_DEPLOYMENT_TARGET = 17.2;
				MARKETING_VERSION = 1.0;
				PRODUCT_BUNDLE_IDENTIFIER = cyrusbaybay.WardTests;
				PRODUCT_NAME = "$(TARGET_NAME)";
				SWIFT_EMIT_LOC_STRINGS = NO;
				SWIFT_VERSION = 5.0;
				TARGETED_DEVICE_FAMILY = "1,2";
				TEST_HOST = "$(BUILT_PRODUCTS_DIR)/Ward.app/$(BUNDLE_EXECUTABLE_FOLDER_PATH)/Ward";
			};
			name = Release;
		};
		CDA4E15A2B904AD000BC7DB9 /* Debug */ = {
			isa = XCBuildConfiguration;
			buildSettings = {
				ALWAYS_EMBED_SWIFT_STANDARD_LIBRARIES = YES;
				CODE_SIGN_STYLE = Automatic;
				CURRENT_PROJECT_VERSION = 1;
				GENERATE_INFOPLIST_FILE = YES;
				MARKETING_VERSION = 1.0;
				PRODUCT_BUNDLE_IDENTIFIER = cyrusbaybay.WardUITests;
				PRODUCT_NAME = "$(TARGET_NAME)";
				SWIFT_EMIT_LOC_STRINGS = NO;
				SWIFT_VERSION = 5.0;
				TARGETED_DEVICE_FAMILY = "1,2";
				TEST_TARGET_NAME = Ward;
			};
			name = Debug;
		};
		CDA4E15B2B904AD000BC7DB9 /* Release */ = {
			isa = XCBuildConfiguration;
			buildSettings = {
				ALWAYS_EMBED_SWIFT_STANDARD_LIBRARIES = YES;
				CODE_SIGN_STYLE = Automatic;
				CURRENT_PROJECT_VERSION = 1;
				GENERATE_INFOPLIST_FILE = YES;
				MARKETING_VERSION = 1.0;
				PRODUCT_BUNDLE_IDENTIFIER = cyrusbaybay.WardUITests;
				PRODUCT_NAME = "$(TARGET_NAME)";
				SWIFT_EMIT_LOC_STRINGS = NO;
				SWIFT_VERSION = 5.0;
				TARGETED_DEVICE_FAMILY = "1,2";
				TEST_TARGET_NAME = Ward;
			};
			name = Release;
		};
/* End XCBuildConfiguration section */

/* Begin XCConfigurationList section */
		CDA4E12A2B904ACE00BC7DB9 /* Build configuration list for PBXProject "Ward" */ = {
			isa = XCConfigurationList;
			buildConfigurations = (
				CDA4E1512B904AD000BC7DB9 /* Debug */,
				CDA4E1522B904AD000BC7DB9 /* Release */,
			);
			defaultConfigurationIsVisible = 0;
			defaultConfigurationName = Release;
		};
		CDA4E1532B904AD000BC7DB9 /* Build configuration list for PBXNativeTarget "Ward" */ = {
			isa = XCConfigurationList;
			buildConfigurations = (
				CDA4E1542B904AD000BC7DB9 /* Debug */,
				CDA4E1552B904AD000BC7DB9 /* Release */,
			);
			defaultConfigurationIsVisible = 0;
			defaultConfigurationName = Release;
		};
		CDA4E1562B904AD000BC7DB9 /* Build configuration list for PBXNativeTarget "WardTests" */ = {
			isa = XCConfigurationList;
			buildConfigurations = (
				CDA4E1572B904AD000BC7DB9 /* Debug */,
				CDA4E1582B904AD000BC7DB9 /* Release */,
			);
			defaultConfigurationIsVisible = 0;
			defaultConfigurationName = Release;
		};
		CDA4E1592B904AD000BC7DB9 /* Build configuration list for PBXNativeTarget "WardUITests" */ = {
			isa = XCConfigurationList;
			buildConfigurations = (
				CDA4E15A2B904AD000BC7DB9 /* Debug */,
				CDA4E15B2B904AD000BC7DB9 /* Release */,
			);
			defaultConfigurationIsVisible = 0;
			defaultConfigurationName = Release;
		};
/* End XCConfigurationList section */
	};
	rootObject = CDA4E1272B904ACE00BC7DB9 /* Project object */;
}
